
Microsoft Visual Studio Solution File, Format Version 12.00
# Visual Studio 15
Project("{FAE04EC0-301F-11D3-BF4B-00C04F79EFBC}") = "Assembly-CSharp", "Assembly-CSharp.csproj", "{AA9242CE-09DA-5DDB-6437-B518633B438A}"
EndProject
Global
	GlobalSection(SolutionConfigurationPlatforms) = preSolution
		Debug|Any CPU = Debug|Any CPU
		Release|Any CPU = Release|Any CPU
	EndGlobalSection
	GlobalSection(ProjectConfigurationPlatforms) = postSolution
		{AA9242CE-09DA-5DDB-6437-B518633B438A}.Debug|Any CPU.ActiveCfg = Debug|Any CPU
		{AA9242CE-09DA-5DDB-6437-B518633B438A}.Debug|Any CPU.Build.0 = Debug|Any CPU
		{AA9242CE-09DA-5DDB-6437-B518633B438A}.Release|Any CPU.ActiveCfg = Release|Any CPU
		{AA9242CE-09DA-5DDB-6437-B518633B438A}.Release|Any CPU.Build.0 = Release|Any CPU
	EndGlobalSection
	GlobalSection(SolutionProperties) = preSolution
		HideSolutionNode = FALSE
	EndGlobalSection
EndGlobal
